# THIS IS AN AUTOGENERATED FILE. DO NOT EDIT THIS FILE DIRECTLY.
# yarn lockfile v1


"@types/react@^16.0.38":
  version "16.0.38"
  resolved "https://registry.yarnpkg.com/@types/react/-/react-16.0.38.tgz#76617433ea10274505f60bb86eddfdd0476ffdc2"

typescript@^2.1.4:
  version "2.7.2"
  resolved "https://registry.yarnpkg.com/typescript/-/typescript-2.7.2.tgz#2d615a1ef4aee4f574425cdff7026edf81919836"
